
Microsoft Visual Studio Solution File, Format Version 12.00
# Visual Studio Version 17
VisualStudioVersion = 17.8.34316.72
MinimumVisualStudioVersion = 10.0.40219.1
Project("{9A19103F-16F7-4668-BE54-9A1E7A4F7556}") = "Domain", "Domain\Domain.csproj", "{663E7CAA-CB10-423C-B97C-DCA812873939}"
EndProject
Project("{9A19103F-16F7-4668-BE54-9A1E7A4F7556}") = "Infrastructure", "Infrastructure\Infrastructure.csproj", "{8153FBE8-63D2-4279-BFBF-BEC365718FC0}"
EndProject
Project("{FAE04EC0-301F-11D3-BF4B-00C04F79EFBC}") = "Testing", "Testing\Testing.csproj", "{2DCE826E-4003-463C-A3F9-96610CDDC441}"
EndProject
Global
	GlobalSection(SolutionConfigurationPlatforms) = preSolution
		Debug|Any CPU = Debug|Any CPU
		Release|Any CPU = Release|Any CPU
	EndGlobalSection
	GlobalSection(ProjectConfigurationPlatforms) = postSolution
		{663E7CAA-CB10-423C-B97C-DCA812873939}.Debug|Any CPU.ActiveCfg = Debug|Any CPU
		{663E7CAA-CB10-423C-B97C-DCA812873939}.Debug|Any CPU.Build.0 = Debug|Any CPU
		{663E7CAA-CB10-423C-B97C-DCA812873939}.Release|Any CPU.ActiveCfg = Release|Any CPU
		{663E7CAA-CB10-423C-B97C-DCA812873939}.Release|Any CPU.Build.0 = Release|Any CPU
		{8153FBE8-63D2-4279-BFBF-BEC365718FC0}.Debug|Any CPU.ActiveCfg = Debug|Any CPU
		{8153FBE8-63D2-4279-BFBF-BEC365718FC0}.Debug|Any CPU.Build.0 = Debug|Any CPU
		{8153FBE8-63D2-4279-BFBF-BEC365718FC0}.Release|Any CPU.ActiveCfg = Release|Any CPU
		{8153FBE8-63D2-4279-BFBF-BEC365718FC0}.Release|Any CPU.Build.0 = Release|Any CPU
		{2DCE826E-4003-463C-A3F9-96610CDDC441}.Debug|Any CPU.ActiveCfg = Debug|Any CPU
		{2DCE826E-4003-463C-A3F9-96610CDDC441}.Debug|Any CPU.Build.0 = Debug|Any CPU
		{2DCE826E-4003-463C-A3F9-96610CDDC441}.Release|Any CPU.ActiveCfg = Release|Any CPU
		{2DCE826E-4003-463C-A3F9-96610CDDC441}.Release|Any CPU.Build.0 = Release|Any CPU
	EndGlobalSection
	GlobalSection(SolutionProperties) = preSolution
		HideSolutionNode = FALSE
	EndGlobalSection
	GlobalSection(ExtensibilityGlobals) = postSolution
		SolutionGuid = {3A6E9CFA-73E7-4E58-946E-685FACE63AD7}
	EndGlobalSection
EndGlobal
